
Microsoft Visual Studio Solution File, Format Version 12.00
# Visual Studio Version 17
VisualStudioVersion = 17.5.33424.131
MinimumVisualStudioVersion = 10.0.40219.1
Project("{FAE04EC0-301F-11D3-BF4B-00C04F79EFBC}") = "projetofinaldnv", "projetofinaldnv\projetofinaldnv.csproj", "{3B994C36-D6FE-42C5-B6D3-75615EBEEC04}"
EndProject
Global
	GlobalSection(SolutionConfigurationPlatforms) = preSolution
		Debug|Any CPU = Debug|Any CPU
		Release|Any CPU = Release|Any CPU
	EndGlobalSection
	GlobalSection(ProjectConfigurationPlatforms) = postSolution
		{3B994C36-D6FE-42C5-B6D3-75615EBEEC04}.Debug|Any CPU.ActiveCfg = Debug|Any CPU
		{3B994C36-D6FE-42C5-B6D3-75615EBEEC04}.Debug|Any CPU.Build.0 = Debug|Any CPU
		{3B994C36-D6FE-42C5-B6D3-75615EBEEC04}.Release|Any CPU.ActiveCfg = Release|Any CPU
		{3B994C36-D6FE-42C5-B6D3-75615EBEEC04}.Release|Any CPU.Build.0 = Release|Any CPU
	EndGlobalSection
	GlobalSection(SolutionProperties) = preSolution
		HideSolutionNode = FALSE
	EndGlobalSection
	GlobalSection(ExtensibilityGlobals) = postSolution
		SolutionGuid = {8DD5641E-C5BB-4FE4-9DD5-4551B4422CF3}
	EndGlobalSection
EndGlobal
